// !$*UTF8*$!
{
	archiveVersion = 1;
	classes = {
	};
	objectVersion = 55;
	objects = {

/* Begin PBXBuildFile section */
		97CC5FCB28001FBC008B9C52 /* ForestView.swift in Sources */ = {isa = PBXBuildFile; fileRef = 97CC5FCA28001FBC008B9C52 /* ForestView.swift */; };
		97EAFF9827FD5C3C005A9AB6 /* prototypeApp.swift in Sources */ = {isa = PBXBuildFile; fileRef = 97EAFF9727FD5C3C005A9AB6 /* prototypeApp.swift */; };
		97EAFF9A27FD5C3C005A9AB6 /* ContentView.swift in Sources */ = {isa = PBXBuildFile; fileRef = 97EAFF9927FD5C3C005A9AB6 /* ContentView.swift */; };
		97EAFF9C27FD5C3D005A9AB6 /* Assets.xcassets in Resources */ = {isa = PBXBuildFile; fileRef = 97EAFF9B27FD5C3D005A9AB6 /* Assets.xcassets */; };
		97EAFF9F27FD5C3D005A9AB6 /* Preview Assets.xcassets in Resources */ = {isa = PBXBuildFile; fileRef = 97EAFF9E27FD5C3D005A9AB6 /* Preview Assets.xcassets */; };
		97EAFFA927FD5C3E005A9AB6 /* prototypeTests.swift in Sources */ = {isa = PBXBuildFile; fileRef = 97EAFFA827FD5C3E005A9AB6 /* prototypeTests.swift */; };
		97EAFFB327FD5C3E005A9AB6 /* prototypeUITests.swift in Sources */ = {isa = PBXBuildFile; fileRef = 97EAFFB227FD5C3E005A9AB6 /* prototypeUITests.swift */; };
		97EAFFB527FD5C3E005A9AB6 /* prototypeUITestsLaunchTests.swift in Sources */ = {isa = PBXBuildFile; fileRef = 97EAFFB427FD5C3E005A9AB6 /* prototypeUITestsLaunchTests.swift */; };
		97EAFFC227FD5C94005A9AB6 /* .gitignore in Resources */ = {isa = PBXBuildFile; fileRef = 97EAFFC127FD5C94005A9AB6 /* .gitignore */; };
		97EAFFCC27FEE276005A9AB6 /* tree.swift in Sources */ = {isa = PBXBuildFile; fileRef = 97EAFFCB27FEE276005A9AB6 /* tree.swift */; };
		97EAFFCE27FEE29A005A9AB6 /* forest.swift in Sources */ = {isa = PBXBuildFile; fileRef = 97EAFFCD27FEE29A005A9AB6 /* forest.swift */; };
		D77B7C662800129E00ECC8FD /* FloatingButtonView.swift in Sources */ = {isa = PBXBuildFile; fileRef = D77B7C652800129E00ECC8FD /* FloatingButtonView.swift */; };
		E15E589727FEB81700564CBC /* Page.swift in Sources */ = {isa = PBXBuildFile; fileRef = E15E589627FEB81700564CBC /* Page.swift */; };
		E15E589927FEB8C800564CBC /* PageViewModel.swift in Sources */ = {isa = PBXBuildFile; fileRef = E15E589827FEB8C800564CBC /* PageViewModel.swift */; };
		E15E589B27FEB99900564CBC /* Home.swift in Sources */ = {isa = PBXBuildFile; fileRef = E15E589A27FEB99900564CBC /* Home.swift */; };
		E15E589D27FEC6AA00564CBC /* WebView.swift in Sources */ = {isa = PBXBuildFile; fileRef = E15E589C27FEC6AA00564CBC /* WebView.swift */; };
		E15E589F27FECCE800564CBC /* LongPressGestureView.swift in Sources */ = {isa = PBXBuildFile; fileRef = E15E589E27FECCE800564CBC /* LongPressGestureView.swift */; };
		E15E58A22804050200564CBC /* ShowLicenseAgreement.swift in Sources */ = {isa = PBXBuildFile; fileRef = E15E58A12804050200564CBC /* ShowLicenseAgreement.swift */; };
		E15E58A42804136E00564CBC /* Treedata.swift in Sources */ = {isa = PBXBuildFile; fileRef = E15E58A32804136E00564CBC /* Treedata.swift */; };
		E15E58A6280419B400564CBC /* treeData.json in Resources */ = {isa = PBXBuildFile; fileRef = E15E58A5280419B400564CBC /* treeData.json */; };
		E15E58A828041B9800564CBC /* ModelData.swift in Sources */ = {isa = PBXBuildFile; fileRef = E15E58A728041B9800564CBC /* ModelData.swift */; };
		E15E58AA280453FB00564CBC /* treeinfo.swift in Sources */ = {isa = PBXBuildFile; fileRef = E15E58A9280453FB00564CBC /* treeinfo.swift */; };
/* End PBXBuildFile section */

/* Begin PBXContainerItemProxy section */
		97EAFFA527FD5C3E005A9AB6 /* PBXContainerItemProxy */ = {
			isa = PBXContainerItemProxy;
			containerPortal = 97EAFF8C27FD5C3C005A9AB6 /* Project object */;
			proxyType = 1;
			remoteGlobalIDString = 97EAFF9327FD5C3C005A9AB6;
			remoteInfo = prototype;
		};
		97EAFFAF27FD5C3E005A9AB6 /* PBXContainerItemProxy */ = {
			isa = PBXContainerItemProxy;
			containerPortal = 97EAFF8C27FD5C3C005A9AB6 /* Project object */;
			proxyType = 1;
			remoteGlobalIDString = 97EAFF9327FD5C3C005A9AB6;
			remoteInfo = prototype;
		};
/* End PBXContainerItemProxy section */

/* Begin PBXFileReference section */
		97CC5FCA28001FBC008B9C52 /* ForestView.swift */ = {isa = PBXFileReference; lastKnownFileType = sourcecode.swift; path = ForestView.swift; sourceTree = "<group>"; };
		97EAFF9427FD5C3C005A9AB6 /* prototype.app */ = {isa = PBXFileReference; explicitFileType = wrapper.application; includeInIndex = 0; path = prototype.app; sourceTree = BUILT_PRODUCTS_DIR; };
		97EAFF9727FD5C3C005A9AB6 /* prototypeApp.swift */ = {isa = PBXFileReference; lastKnownFileType = sourcecode.swift; path = prototypeApp.swift; sourceTree = "<group>"; };
		97EAFF9927FD5C3C005A9AB6 /* ContentView.swift */ = {isa = PBXFileReference; lastKnownFileType = sourcecode.swift; path = ContentView.swift; sourceTree = "<group>"; };
		97EAFF9B27FD5C3D005A9AB6 /* Assets.xcassets */ = {isa = PBXFileReference; lastKnownFileType = folder.assetcatalog; path = Assets.xcassets; sourceTree = "<group>"; };
		97EAFF9E27FD5C3D005A9AB6 /* Preview Assets.xcassets */ = {isa = PBXFileReference; lastKnownFileType = folder.assetcatalog; path = "Preview Assets.xcassets"; sourceTree = "<group>"; };
		97EAFFA427FD5C3E005A9AB6 /* prototypeTests.xctest */ = {isa = PBXFileReference; explicitFileType = wrapper.cfbundle; includeInIndex = 0; path = prototypeTests.xctest; sourceTree = BUILT_PRODUCTS_DIR; };
		97EAFFA827FD5C3E005A9AB6 /* prototypeTests.swift */ = {isa = PBXFileReference; lastKnownFileType = sourcecode.swift; path = prototypeTests.swift; sourceTree = "<group>"; };
		97EAFFAE27FD5C3E005A9AB6 /* prototypeUITests.xctest */ = {isa = PBXFileReference; explicitFileType = wrapper.cfbundle; includeInIndex = 0; path = prototypeUITests.xctest; sourceTree = BUILT_PRODUCTS_DIR; };
		97EAFFB227FD5C3E005A9AB6 /* prototypeUITests.swift */ = {isa = PBXFileReference; lastKnownFileType = sourcecode.swift; path = prototypeUITests.swift; sourceTree = "<group>"; };
		97EAFFB427FD5C3E005A9AB6 /* prototypeUITestsLaunchTests.swift */ = {isa = PBXFileReference; lastKnownFileType = sourcecode.swift; path = prototypeUITestsLaunchTests.swift; sourceTree = "<group>"; };
		97EAFFC127FD5C94005A9AB6 /* .gitignore */ = {isa = PBXFileReference; lastKnownFileType = text; path = .gitignore; sourceTree = "<group>"; };
		97EAFFCB27FEE276005A9AB6 /* tree.swift */ = {isa = PBXFileReference; lastKnownFileType = sourcecode.swift; path = tree.swift; sourceTree = "<group>"; };
		97EAFFCD27FEE29A005A9AB6 /* forest.swift */ = {isa = PBXFileReference; lastKnownFileType = sourcecode.swift; path = forest.swift; sourceTree = "<group>"; };
		D77B7C652800129E00ECC8FD /* FloatingButtonView.swift */ = {isa = PBXFileReference; lastKnownFileType = sourcecode.swift; path = FloatingButtonView.swift; sourceTree = "<group>"; };
		E15E589627FEB81700564CBC /* Page.swift */ = {isa = PBXFileReference; lastKnownFileType = sourcecode.swift; path = Page.swift; sourceTree = "<group>"; };
		E15E589827FEB8C800564CBC /* PageViewModel.swift */ = {isa = PBXFileReference; lastKnownFileType = sourcecode.swift; path = PageViewModel.swift; sourceTree = "<group>"; };
		E15E589A27FEB99900564CBC /* Home.swift */ = {isa = PBXFileReference; lastKnownFileType = sourcecode.swift; path = Home.swift; sourceTree = "<group>"; };
		E15E589C27FEC6AA00564CBC /* WebView.swift */ = {isa = PBXFileReference; lastKnownFileType = sourcecode.swift; path = WebView.swift; sourceTree = "<group>"; };
		E15E589E27FECCE800564CBC /* LongPressGestureView.swift */ = {isa = PBXFileReference; lastKnownFileType = sourcecode.swift; path = LongPressGestureView.swift; sourceTree = "<group>"; };
		E15E58A12804050200564CBC /* ShowLicenseAgreement.swift */ = {isa = PBXFileReference; lastKnownFileType = sourcecode.swift; path = ShowLicenseAgreement.swift; sourceTree = "<group>"; };
		E15E58A32804136E00564CBC /* Treedata.swift */ = {isa = PBXFileReference; lastKnownFileType = sourcecode.swift; path = Treedata.swift; sourceTree = "<group>"; };
		E15E58A5280419B400564CBC /* treeData.json */ = {isa = PBXFileReference; lastKnownFileType = text.json; path = treeData.json; sourceTree = "<group>"; };
		E15E58A728041B9800564CBC /* ModelData.swift */ = {isa = PBXFileReference; lastKnownFileType = sourcecode.swift; path = ModelData.swift; sourceTree = "<group>"; };
		E15E58A9280453FB00564CBC /* treeinfo.swift */ = {isa = PBXFileReference; lastKnownFileType = sourcecode.swift; path = treeinfo.swift; sourceTree = "<group>"; };
/* End PBXFileReference section */

/* Begin PBXFrameworksBuildPhase section */
		97EAFF9127FD5C3C005A9AB6 /* Frameworks */ = {
			isa = PBXFrameworksBuildPhase;
			buildActionMask = 2147483647;
			files = (
			);
			runOnlyForDeploymentPostprocessing = 0;
		};
		97EAFFA127FD5C3E005A9AB6 /* Frameworks */ = {
			isa = PBXFrameworksBuildPhase;
			buildActionMask = 2147483647;
			files = (
			);
			runOnlyForDeploymentPostprocessing = 0;
		};
		97EAFFAB27FD5C3E005A9AB6 /* Frameworks */ = {
			isa = PBXFrameworksBuildPhase;
			buildActionMask = 2147483647;
			files = (
			);
			runOnlyForDeploymentPostprocessing = 0;
		};
/* End PBXFrameworksBuildPhase section */

/* Begin PBXGroup section */
		97EAFF8B27FD5C3C005A9AB6 = {
			isa = PBXGroup;
			children = (
				97EAFFC127FD5C94005A9AB6 /* .gitignore */,
				97EAFF9627FD5C3C005A9AB6 /* prototype */,
				97EAFFA727FD5C3E005A9AB6 /* prototypeTests */,
				97EAFFB127FD5C3E005A9AB6 /* prototypeUITests */,
				97EAFF9527FD5C3C005A9AB6 /* Products */,
			);
			sourceTree = "<group>";
		};
		97EAFF9527FD5C3C005A9AB6 /* Products */ = {
			isa = PBXGroup;
			children = (
				97EAFF9427FD5C3C005A9AB6 /* prototype.app */,
				97EAFFA427FD5C3E005A9AB6 /* prototypeTests.xctest */,
				97EAFFAE27FD5C3E005A9AB6 /* prototypeUITests.xctest */,
			);
			name = Products;
			sourceTree = "<group>";
		};
		97EAFF9627FD5C3C005A9AB6 /* prototype */ = {
			isa = PBXGroup;
			children = (
				D77B7C642800128D00ECC8FD /* Journey */,
				E15E588427FD5FFC00564CBC /* dale */,
				97EAFFC327FD5D57005A9AB6 /* raven */,
				97EAFF9727FD5C3C005A9AB6 /* prototypeApp.swift */,
				97EAFF9927FD5C3C005A9AB6 /* ContentView.swift */,
				97EAFF9B27FD5C3D005A9AB6 /* Assets.xcassets */,
				97EAFF9D27FD5C3D005A9AB6 /* Preview Content */,
			);
			path = prototype;
			sourceTree = "<group>";
		};
		97EAFF9D27FD5C3D005A9AB6 /* Preview Content */ = {
			isa = PBXGroup;
			children = (
				97EAFF9E27FD5C3D005A9AB6 /* Preview Assets.xcassets */,
			);
			path = "Preview Content";
			sourceTree = "<group>";
		};
		97EAFFA727FD5C3E005A9AB6 /* prototypeTests */ = {
			isa = PBXGroup;
			children = (
				97EAFFA827FD5C3E005A9AB6 /* prototypeTests.swift */,
			);
			path = prototypeTests;
			sourceTree = "<group>";
		};
		97EAFFB127FD5C3E005A9AB6 /* prototypeUITests */ = {
			isa = PBXGroup;
			children = (
				97EAFFB227FD5C3E005A9AB6 /* prototypeUITests.swift */,
				97EAFFB427FD5C3E005A9AB6 /* prototypeUITestsLaunchTests.swift */,
			);
			path = prototypeUITests;
			sourceTree = "<group>";
		};
		97EAFFC327FD5D57005A9AB6 /* raven */ = {
			isa = PBXGroup;
			children = (
				97EAFFCB27FEE276005A9AB6 /* tree.swift */,
				97EAFFCD27FEE29A005A9AB6 /* forest.swift */,
			);
			path = raven;
			sourceTree = "<group>";
		};
		D77B7C642800128D00ECC8FD /* Journey */ = {
			isa = PBXGroup;
			children = (
				D77B7C652800129E00ECC8FD /* FloatingButtonView.swift */,
			);
			path = Journey;
			sourceTree = "<group>";
		};
		E15E588427FD5FFC00564CBC /* dale */ = {
			isa = PBXGroup;
			children = (
				E15E58A0280404BA00564CBC /* exam */,
				E15E589E27FECCE800564CBC /* LongPressGestureView.swift */,
				E15E589527FEB7E300564CBC /* ViewModel */,
				E15E589427FEB7D900564CBC /* View */,
				E15E589627FEB81700564CBC /* Page.swift */,
			);
			path = dale;
			sourceTree = "<group>";
		};
		E15E589427FEB7D900564CBC /* View */ = {
			isa = PBXGroup;
			children = (
				E15E589A27FEB99900564CBC /* Home.swift */,
				E15E589C27FEC6AA00564CBC /* WebView.swift */,
				97CC5FCA28001FBC008B9C52 /* ForestView.swift */,
				E15E58A9280453FB00564CBC /* treeinfo.swift */,
			);
			path = View;
			sourceTree = "<group>";
		};
		E15E589527FEB7E300564CBC /* ViewModel */ = {
			isa = PBXGroup;
			children = (
				E15E589827FEB8C800564CBC /* PageViewModel.swift */,
			);
			path = ViewModel;
			sourceTree = "<group>";
		};
		E15E58A0280404BA00564CBC /* exam */ = {
			isa = PBXGroup;
			children = (
				E15E58A12804050200564CBC /* ShowLicenseAgreement.swift */,
				E15E58A32804136E00564CBC /* Treedata.swift */,
				E15E58A5280419B400564CBC /* treeData.json */,
				E15E58A728041B9800564CBC /* ModelData.swift */,
			);
			path = exam;
			sourceTree = "<group>";
		};
/* End PBXGroup section */

/* Begin PBXNativeTarget section */
		97EAFF9327FD5C3C005A9AB6 /* prototype */ = {
			isa = PBXNativeTarget;
			buildConfigurationList = 97EAFFB827FD5C3E005A9AB6 /* Build configuration list for PBXNativeTarget "prototype" */;
			buildPhases = (
				97EAFF9027FD5C3C005A9AB6 /* Sources */,
				97EAFF9127FD5C3C005A9AB6 /* Frameworks */,
				97EAFF9227FD5C3C005A9AB6 /* Resources */,
			);
			buildRules = (
			);
			dependencies = (
			);
			name = prototype;
			productName = prototype;
			productReference = 97EAFF9427FD5C3C005A9AB6 /* prototype.app */;
			productType = "com.apple.product-type.application";
		};
		97EAFFA327FD5C3E005A9AB6 /* prototypeTests */ = {
			isa = PBXNativeTarget;
			buildConfigurationList = 97EAFFBB27FD5C3E005A9AB6 /* Build configuration list for PBXNativeTarget "prototypeTests" */;
			buildPhases = (
				97EAFFA027FD5C3E005A9AB6 /* Sources */,
				97EAFFA127FD5C3E005A9AB6 /* Frameworks */,
				97EAFFA227FD5C3E005A9AB6 /* Resources */,
			);
			buildRules = (
			);
			dependencies = (
				97EAFFA627FD5C3E005A9AB6 /* PBXTargetDependency */,
			);
			name = prototypeTests;
			productName = prototypeTests;
			productReference = 97EAFFA427FD5C3E005A9AB6 /* prototypeTests.xctest */;
			productType = "com.apple.product-type.bundle.unit-test";
		};
		97EAFFAD27FD5C3E005A9AB6 /* prototypeUITests */ = {
			isa = PBXNativeTarget;
			buildConfigurationList = 97EAFFBE27FD5C3E005A9AB6 /* Build configuration list for PBXNativeTarget "prototypeUITests" */;
			buildPhases = (
				97EAFFAA27FD5C3E005A9AB6 /* Sources */,
				97EAFFAB27FD5C3E005A9AB6 /* Frameworks */,
				97EAFFAC27FD5C3E005A9AB6 /* Resources */,
			);
			buildRules = (
			);
			dependencies = (
				97EAFFB027FD5C3E005A9AB6 /* PBXTargetDependency */,
			);
			name = prototypeUITests;
			productName = prototypeUITests;
			productReference = 97EAFFAE27FD5C3E005A9AB6 /* prototypeUITests.xctest */;
			productType = "com.apple.product-type.bundle.ui-testing";
		};
/* End PBXNativeTarget section */

/* Begin PBXProject section */
		97EAFF8C27FD5C3C005A9AB6 /* Project object */ = {
			isa = PBXProject;
			attributes = {
				BuildIndependentTargetsInParallel = 1;
				LastSwiftUpdateCheck = 1330;
				LastUpgradeCheck = 1330;
				TargetAttributes = {
					97EAFF9327FD5C3C005A9AB6 = {
						CreatedOnToolsVersion = 13.3;
					};
					97EAFFA327FD5C3E005A9AB6 = {
						CreatedOnToolsVersion = 13.3;
						TestTargetID = 97EAFF9327FD5C3C005A9AB6;
					};
					97EAFFAD27FD5C3E005A9AB6 = {
						CreatedOnToolsVersion = 13.3;
						TestTargetID = 97EAFF9327FD5C3C005A9AB6;
					};
				};
			};
			buildConfigurationList = 97EAFF8F27FD5C3C005A9AB6 /* Build configuration list for PBXProject "prototype" */;
			compatibilityVersion = "Xcode 13.0";
			developmentRegion = en;
			hasScannedForEncodings = 0;
			knownRegions = (
				en,
				Base,
			);
			mainGroup = 97EAFF8B27FD5C3C005A9AB6;
			productRefGroup = 97EAFF9527FD5C3C005A9AB6 /* Products */;
			projectDirPath = "";
			projectRoot = "";
			targets = (
				97EAFF9327FD5C3C005A9AB6 /* prototype */,
				97EAFFA327FD5C3E005A9AB6 /* prototypeTests */,
				97EAFFAD27FD5C3E005A9AB6 /* prototypeUITests */,
			);
		};
/* End PBXProject section */

/* Begin PBXResourcesBuildPhase section */
		97EAFF9227FD5C3C005A9AB6 /* Resources */ = {
			isa = PBXResourcesBuildPhase;
			buildActionMask = 2147483647;
			files = (
				97EAFF9F27FD5C3D005A9AB6 /* Preview Assets.xcassets in Resources */,
				97EAFFC227FD5C94005A9AB6 /* .gitignore in Resources */,
				97EAFF9C27FD5C3D005A9AB6 /* Assets.xcassets in Resources */,
				E15E58A6280419B400564CBC /* treeData.json in Resources */,
			);
			runOnlyForDeploymentPostprocessing = 0;
		};
		97EAFFA227FD5C3E005A9AB6 /* Resources */ = {
			isa = PBXResourcesBuildPhase;
			buildActionMask = 2147483647;
			files = (
			);
			runOnlyForDeploymentPostprocessing = 0;
		};
		97EAFFAC27FD5C3E005A9AB6 /* Resources */ = {
			isa = PBXResourcesBuildPhase;
			buildActionMask = 2147483647;
			files = (
			);
			runOnlyForDeploymentPostprocessing = 0;
		};
/* End PBXResourcesBuildPhase section */

/* Begin PBXSourcesBuildPhase section */
		97EAFF9027FD5C3C005A9AB6 /* Sources */ = {
			isa = PBXSourcesBuildPhase;
			buildActionMask = 2147483647;
			files = (
				97EAFF9A27FD5C3C005A9AB6 /* ContentView.swift in Sources */,
				97EAFFCE27FEE29A005A9AB6 /* forest.swift in Sources */,
				97CC5FCB28001FBC008B9C52 /* ForestView.swift in Sources */,
				E15E589D27FEC6AA00564CBC /* WebView.swift in Sources */,
				E15E58AA280453FB00564CBC /* treeinfo.swift in Sources */,
				E15E589927FEB8C800564CBC /* PageViewModel.swift in Sources */,
				D77B7C662800129E00ECC8FD /* FloatingButtonView.swift in Sources */,
				97EAFF9827FD5C3C005A9AB6 /* prototypeApp.swift in Sources */,
				E15E589F27FECCE800564CBC /* LongPressGestureView.swift in Sources */,
				E15E58A42804136E00564CBC /* Treedata.swift in Sources */,
				97EAFFCC27FEE276005A9AB6 /* tree.swift in Sources */,
				E15E58A22804050200564CBC /* ShowLicenseAgreement.swift in Sources */,
				E15E589727FEB81700564CBC /* Page.swift in Sources */,
				E15E589B27FEB99900564CBC /* Home.swift in Sources */,
				E15E58A828041B9800564CBC /* ModelData.swift in Sources */,
			);
			runOnlyForDeploymentPostprocessing = 0;
		};
		97EAFFA027FD5C3E005A9AB6 /* Sources */ = {
			isa = PBXSourcesBuildPhase;
			buildActionMask = 2147483647;
			files = (
				97EAFFA927FD5C3E005A9AB6 /* prototypeTests.swift in Sources */,
			);
			runOnlyForDeploymentPostprocessing = 0;
		};
		97EAFFAA27FD5C3E005A9AB6 /* Sources */ = {
			isa = PBXSourcesBuildPhase;
			buildActionMask = 2147483647;
			files = (
				97EAFFB327FD5C3E005A9AB6 /* prototypeUITests.swift in Sources */,
				97EAFFB527FD5C3E005A9AB6 /* prototypeUITestsLaunchTests.swift in Sources */,
			);
			runOnlyForDeploymentPostprocessing = 0;
		};
/* End PBXSourcesBuildPhase section */

/* Begin PBXTargetDependency section */
		97EAFFA627FD5C3E005A9AB6 /* PBXTargetDependency */ = {
			isa = PBXTargetDependency;
			target = 97EAFF9327FD5C3C005A9AB6 /* prototype */;
			targetProxy = 97EAFFA527FD5C3E005A9AB6 /* PBXContainerItemProxy */;
		};
		97EAFFB027FD5C3E005A9AB6 /* PBXTargetDependency */ = {
			isa = PBXTargetDependency;
			target = 97EAFF9327FD5C3C005A9AB6 /* prototype */;
			targetProxy = 97EAFFAF27FD5C3E005A9AB6 /* PBXContainerItemProxy */;
		};
/* End PBXTargetDependency section */

/* Begin XCBuildConfiguration section */
		97EAFFB627FD5C3E005A9AB6 /* Debug */ = {
			isa = XCBuildConfiguration;
			buildSettings = {
				ALWAYS_SEARCH_USER_PATHS = NO;
				CLANG_ANALYZER_NONNULL = YES;
				CLANG_ANALYZER_NUMBER_OBJECT_CONVERSION = YES_AGGRESSIVE;
				CLANG_CXX_LANGUAGE_STANDARD = "gnu++17";
				CLANG_ENABLE_MODULES = YES;
				CLANG_ENABLE_OBJC_ARC = YES;
				CLANG_ENABLE_OBJC_WEAK = YES;
				CLANG_WARN_BLOCK_CAPTURE_AUTORELEASING = YES;
				CLANG_WARN_BOOL_CONVERSION = YES;
				CLANG_WARN_COMMA = YES;
				CLANG_WARN_CONSTANT_CONVERSION = YES;
				CLANG_WARN_DEPRECATED_OBJC_IMPLEMENTATIONS = YES;
				CLANG_WARN_DIRECT_OBJC_ISA_USAGE = YES_ERROR;
				CLANG_WARN_DOCUMENTATION_COMMENTS = YES;
				CLANG_WARN_EMPTY_BODY = YES;
				CLANG_WARN_ENUM_CONVERSION = YES;
				CLANG_WARN_INFINITE_RECURSION = YES;
				CLANG_WARN_INT_CONVERSION = YES;
				CLANG_WARN_NON_LITERAL_NULL_CONVERSION = YES;
				CLANG_WARN_OBJC_IMPLICIT_RETAIN_SELF = YES;
				CLANG_WARN_OBJC_LITERAL_CONVERSION = YES;
				CLANG_WARN_OBJC_ROOT_CLASS = YES_ERROR;
				CLANG_WARN_QUOTED_INCLUDE_IN_FRAMEWORK_HEADER = YES;
				CLANG_WARN_RANGE_LOOP_ANALYSIS = YES;
				CLANG_WARN_STRICT_PROTOTYPES = YES;
				CLANG_WARN_SUSPICIOUS_MOVE = YES;
				CLANG_WARN_UNGUARDED_AVAILABILITY = YES_AGGRESSIVE;
				CLANG_WARN_UNREACHABLE_CODE = YES;
				CLANG_WARN__DUPLICATE_METHOD_MATCH = YES;
				COPY_PHASE_STRIP = NO;
				DEBUG_INFORMATION_FORMAT = dwarf;
				ENABLE_STRICT_OBJC_MSGSEND = YES;
				ENABLE_TESTABILITY = YES;
				GCC_C_LANGUAGE_STANDARD = gnu11;
				GCC_DYNAMIC_NO_PIC = NO;
				GCC_NO_COMMON_BLOCKS = YES;
				GCC_OPTIMIZATION_LEVEL = 0;
				GCC_PREPROCESSOR_DEFINITIONS = (
					"DEBUG=1",
					"$(inherited)",
				);
				GCC_WARN_64_TO_32_BIT_CONVERSION = YES;
				GCC_WARN_ABOUT_RETURN_TYPE = YES_ERROR;
				GCC_WARN_UNDECLARED_SELECTOR = YES;
				GCC_WARN_UNINITIALIZED_AUTOS = YES_AGGRESSIVE;
				GCC_WARN_UNUSED_FUNCTION = YES;
				GCC_WARN_UNUSED_VARIABLE = YES;
				IPHONEOS_DEPLOYMENT_TARGET = 15.4;
				MTL_ENABLE_DEBUG_INFO = INCLUDE_SOURCE;
				MTL_FAST_MATH = YES;
				ONLY_ACTIVE_ARCH = YES;
				SDKROOT = iphoneos;
				SWIFT_ACTIVE_COMPILATION_CONDITIONS = DEBUG;
				SWIFT_OPTIMIZATION_LEVEL = "-Onone";
			};
			name = Debug;
		};
		97EAFFB727FD5C3E005A9AB6 /* Release */ = {
			isa = XCBuildConfiguration;
			buildSettings = {
				ALWAYS_SEARCH_USER_PATHS = NO;
				CLANG_ANALYZER_NONNULL = YES;
				CLANG_ANALYZER_NUMBER_OBJECT_CONVERSION = YES_AGGRESSIVE;
				CLANG_CXX_LANGUAGE_STANDARD = "gnu++17";
				CLANG_ENABLE_MODULES = YES;
				CLANG_ENABLE_OBJC_ARC = YES;
				CLANG_ENABLE_OBJC_WEAK = YES;
				CLANG_WARN_BLOCK_CAPTURE_AUTORELEASING = YES;
				CLANG_WARN_BOOL_CONVERSION = YES;
				CLANG_WARN_COMMA = YES;
				CLANG_WARN_CONSTANT_CONVERSION = YES;
				CLANG_WARN_DEPRECATED_OBJC_IMPLEMENTATIONS = YES;
				CLANG_WARN_DIRECT_OBJC_ISA_USAGE = YES_ERROR;
				CLANG_WARN_DOCUMENTATION_COMMENTS = YES;
				CLANG_WARN_EMPTY_BODY = YES;
				CLANG_WARN_ENUM_CONVERSION = YES;
				CLANG_WARN_INFINITE_RECURSION = YES;
				CLANG_WARN_INT_CONVERSION = YES;
				CLANG_WARN_NON_LITERAL_NULL_CONVERSION = YES;
				CLANG_WARN_OBJC_IMPLICIT_RETAIN_SELF = YES;
				CLANG_WARN_OBJC_LITERAL_CONVERSION = YES;
				CLANG_WARN_OBJC_ROOT_CLASS = YES_ERROR;
				CLANG_WARN_QUOTED_INCLUDE_IN_FRAMEWORK_HEADER = YES;
				CLANG_WARN_RANGE_LOOP_ANALYSIS = YES;
				CLANG_WARN_STRICT_PROTOTYPES = YES;
				CLANG_WARN_SUSPICIOUS_MOVE = YES;
				CLANG_WARN_UNGUARDED_AVAILABILITY = YES_AGGRESSIVE;
				CLANG_WARN_UNREACHABLE_CODE = YES;
				CLANG_WARN__DUPLICATE_METHOD_MATCH = YES;
				COPY_PHASE_STRIP = NO;
				DEBUG_INFORMATION_FORMAT = "dwarf-with-dsym";
				ENABLE_NS_ASSERTIONS = NO;
				ENABLE_STRICT_OBJC_MSGSEND = YES;
				GCC_C_LANGUAGE_STANDARD = gnu11;
				GCC_NO_COMMON_BLOCKS = YES;
				GCC_WARN_64_TO_32_BIT_CONVERSION = YES;
				GCC_WARN_ABOUT_RETURN_TYPE = YES_ERROR;
				GCC_WARN_UNDECLARED_SELECTOR = YES;
				GCC_WARN_UNINITIALIZED_AUTOS = YES_AGGRESSIVE;
				GCC_WARN_UNUSED_FUNCTION = YES;
				GCC_WARN_UNUSED_VARIABLE = YES;
				IPHONEOS_DEPLOYMENT_TARGET = 15.4;
				MTL_ENABLE_DEBUG_INFO = NO;
				MTL_FAST_MATH = YES;
				SDKROOT = iphoneos;
				SWIFT_COMPILATION_MODE = wholemodule;
				SWIFT_OPTIMIZATION_LEVEL = "-O";
				VALIDATE_PRODUCT = YES;
			};
			name = Release;
		};
		97EAFFB927FD5C3E005A9AB6 /* Debug */ = {
			isa = XCBuildConfiguration;
			buildSettings = {
				ASSETCATALOG_COMPILER_APPICON_NAME = AppIcon;
				ASSETCATALOG_COMPILER_GLOBAL_ACCENT_COLOR_NAME = AccentColor;
				CODE_SIGN_STYLE = Automatic;
				CURRENT_PROJECT_VERSION = 1;
				DEVELOPMENT_ASSET_PATHS = "\"prototype/Preview Content\"";
				DEVELOPMENT_TEAM = 5Q9399ZKMY;
				ENABLE_PREVIEWS = YES;
				GENERATE_INFOPLIST_FILE = YES;
				INFOPLIST_KEY_UIApplicationSceneManifest_Generation = YES;
				INFOPLIST_KEY_UIApplicationSupportsIndirectInputEvents = YES;
				INFOPLIST_KEY_UILaunchScreen_Generation = YES;
				INFOPLIST_KEY_UISupportedInterfaceOrientations_iPad = "UIInterfaceOrientationPortrait UIInterfaceOrientationPortraitUpsideDown UIInterfaceOrientationLandscapeLeft UIInterfaceOrientationLandscapeRight";
				INFOPLIST_KEY_UISupportedInterfaceOrientations_iPhone = "UIInterfaceOrientationPortrait UIInterfaceOrientationLandscapeLeft UIInterfaceOrientationLandscapeRight";
				LD_RUNPATH_SEARCH_PATHS = (
					"$(inherited)",
					"@executable_path/Frameworks",
				);
				MARKETING_VERSION = 1.0;
				PRODUCT_BUNDLE_IDENTIFIER = com.raven.prototype;
				PRODUCT_NAME = "$(TARGET_NAME)";
				SWIFT_EMIT_LOC_STRINGS = YES;
				SWIFT_VERSION = 5.0;
				TARGETED_DEVICE_FAMILY = "1,2";
			};
			name = Debug;
		};
		97EAFFBA27FD5C3E005A9AB6 /* Release */ = {
			isa = XCBuildConfiguration;
			buildSettings = {
				ASSETCATALOG_COMPILER_APPICON_NAME = AppIcon;
				ASSETCATALOG_COMPILER_GLOBAL_ACCENT_COLOR_NAME = AccentColor;
				CODE_SIGN_STYLE = Automatic;
				CURRENT_PROJECT_VERSION = 1;
				DEVELOPMENT_ASSET_PATHS = "\"prototype/Preview Content\"";
				DEVELOPMENT_TEAM = 5Q9399ZKMY;
				ENABLE_PREVIEWS = YES;
				GENERATE_INFOPLIST_FILE = YES;
				INFOPLIST_KEY_UIApplicationSceneManifest_Generation = YES;
				INFOPLIST_KEY_UIApplicationSupportsIndirectInputEvents = YES;
				INFOPLIST_KEY_UILaunchScreen_Generation = YES;
				INFOPLIST_KEY_UISupportedInterfaceOrientations_iPad = "UIInterfaceOrientationPortrait UIInterfaceOrientationPortraitUpsideDown UIInterfaceOrientationLandscapeLeft UIInterfaceOrientationLandscapeRight";
				INFOPLIST_KEY_UISupportedInterfaceOrientations_iPhone = "UIInterfaceOrientationPortrait UIInterfaceOrientationLandscapeLeft UIInterfaceOrientationLandscapeRight";
				LD_RUNPATH_SEARCH_PATHS = (
					"$(inherited)",
					"@executable_path/Frameworks",
				);
				MARKETING_VERSION = 1.0;
				PRODUCT_BUNDLE_IDENTIFIER = com.raven.prototype;
				PRODUCT_NAME = "$(TARGET_NAME)";
				SWIFT_EMIT_LOC_STRINGS = YES;
				SWIFT_VERSION = 5.0;
				TARGETED_DEVICE_FAMILY = "1,2";
			};
			name = Release;
		};
		97EAFFBC27FD5C3E005A9AB6 /* Debug */ = {
			isa = XCBuildConfiguration;
			buildSettings = {
				ALWAYS_EMBED_SWIFT_STANDARD_LIBRARIES = YES;
				BUNDLE_LOADER = "$(TEST_HOST)";
				CODE_SIGN_STYLE = Automatic;
				CURRENT_PROJECT_VERSION = 1;
				DEVELOPMENT_TEAM = 5Q9399ZKMY;
				GENERATE_INFOPLIST_FILE = YES;
				IPHONEOS_DEPLOYMENT_TARGET = 15.4;
				MARKETING_VERSION = 1.0;
				PRODUCT_BUNDLE_IDENTIFIER = com.raven.prototypeTests;
				PRODUCT_NAME = "$(TARGET_NAME)";
				SWIFT_EMIT_LOC_STRINGS = NO;
				SWIFT_VERSION = 5.0;
				TARGETED_DEVICE_FAMILY = "1,2";
				TEST_HOST = "$(BUILT_PRODUCTS_DIR)/prototype.app/prototype";
			};
			name = Debug;
		};
		97EAFFBD27FD5C3E005A9AB6 /* Release */ = {
			isa = XCBuildConfiguration;
			buildSettings = {
				ALWAYS_EMBED_SWIFT_STANDARD_LIBRARIES = YES;
				BUNDLE_LOADER = "$(TEST_HOST)";
				CODE_SIGN_STYLE = Automatic;
				CURRENT_PROJECT_VERSION = 1;
				DEVELOPMENT_TEAM = 5Q9399ZKMY;
				GENERATE_INFOPLIST_FILE = YES;
				IPHONEOS_DEPLOYMENT_TARGET = 15.4;
				MARKETING_VERSION = 1.0;
				PRODUCT_BUNDLE_IDENTIFIER = com.raven.prototypeTests;
				PRODUCT_NAME = "$(TARGET_NAME)";
				SWIFT_EMIT_LOC_STRINGS = NO;
				SWIFT_VERSION = 5.0;
				TARGETED_DEVICE_FAMILY = "1,2";
				TEST_HOST = "$(BUILT_PRODUCTS_DIR)/prototype.app/prototype";
			};
			name = Release;
		};
		97EAFFBF27FD5C3E005A9AB6 /* Debug */ = {
			isa = XCBuildConfiguration;
			buildSettings = {
				ALWAYS_EMBED_SWIFT_STANDARD_LIBRARIES = YES;
				CODE_SIGN_STYLE = Automatic;
				CURRENT_PROJECT_VERSION = 1;
				DEVELOPMENT_TEAM = 5Q9399ZKMY;
				GENERATE_INFOPLIST_FILE = YES;
				MARKETING_VERSION = 1.0;
				PRODUCT_BUNDLE_IDENTIFIER = com.raven.prototypeUITests;
				PRODUCT_NAME = "$(TARGET_NAME)";
				SWIFT_EMIT_LOC_STRINGS = NO;
				SWIFT_VERSION = 5.0;
				TARGETED_DEVICE_FAMILY = "1,2";
				TEST_TARGET_NAME = prototype;
			};
			name = Debug;
		};
		97EAFFC027FD5C3E005A9AB6 /* Release */ = {
			isa = XCBuildConfiguration;
			buildSettings = {
				ALWAYS_EMBED_SWIFT_STANDARD_LIBRARIES = YES;
				CODE_SIGN_STYLE = Automatic;
				CURRENT_PROJECT_VERSION = 1;
				DEVELOPMENT_TEAM = 5Q9399ZKMY;
				GENERATE_INFOPLIST_FILE = YES;
				MARKETING_VERSION = 1.0;
				PRODUCT_BUNDLE_IDENTIFIER = com.raven.prototypeUITests;
				PRODUCT_NAME = "$(TARGET_NAME)";
				SWIFT_EMIT_LOC_STRINGS = NO;
				SWIFT_VERSION = 5.0;
				TARGETED_DEVICE_FAMILY = "1,2";
				TEST_TARGET_NAME = prototype;
			};
			name = Release;
		};
/* End XCBuildConfiguration section */

/* Begin XCConfigurationList section */
		97EAFF8F27FD5C3C005A9AB6 /* Build configuration list for PBXProject "prototype" */ = {
			isa = XCConfigurationList;
			buildConfigurations = (
				97EAFFB627FD5C3E005A9AB6 /* Debug */,
				97EAFFB727FD5C3E005A9AB6 /* Release */,
			);
			defaultConfigurationIsVisible = 0;
			defaultConfigurationName = Release;
		};
		97EAFFB827FD5C3E005A9AB6 /* Build configuration list for PBXNativeTarget "prototype" */ = {
			isa = XCConfigurationList;
			buildConfigurations = (
				97EAFFB927FD5C3E005A9AB6 /* Debug */,
				97EAFFBA27FD5C3E005A9AB6 /* Release */,
			);
			defaultConfigurationIsVisible = 0;
			defaultConfigurationName = Release;
		};
		97EAFFBB27FD5C3E005A9AB6 /* Build configuration list for PBXNativeTarget "prototypeTests" */ = {
			isa = XCConfigurationList;
			buildConfigurations = (
				97EAFFBC27FD5C3E005A9AB6 /* Debug */,
				97EAFFBD27FD5C3E005A9AB6 /* Release */,
			);
			defaultConfigurationIsVisible = 0;
			defaultConfigurationName = Release;
		};
		97EAFFBE27FD5C3E005A9AB6 /* Build configuration list for PBXNativeTarget "prototypeUITests" */ = {
			isa = XCConfigurationList;
			buildConfigurations = (
				97EAFFBF27FD5C3E005A9AB6 /* Debug */,
				97EAFFC027FD5C3E005A9AB6 /* Release */,
			);
			defaultConfigurationIsVisible = 0;
			defaultConfigurationName = Release;
		};
/* End XCConfigurationList section */
	};
	rootObject = 97EAFF8C27FD5C3C005A9AB6 /* Project object */;
}
