// !$*UTF8*$!
{
	archiveVersion = 1;
	classes = {
	};
	objectVersion = 55;
	objects = {

/* Begin PBXBuildFile section */
		6E90378027FD635D006712F6 /* team3_prototype2App.swift in Sources */ = {isa = PBXBuildFile; fileRef = 6E90377F27FD635D006712F6 /* team3_prototype2App.swift */; };
		6E90378227FD635D006712F6 /* ContentView.swift in Sources */ = {isa = PBXBuildFile; fileRef = 6E90378127FD635D006712F6 /* ContentView.swift */; };
		6E90378427FD635D006712F6 /* Assets.xcassets in Resources */ = {isa = PBXBuildFile; fileRef = 6E90378327FD635D006712F6 /* Assets.xcassets */; };
		6E90378727FD635D006712F6 /* Preview Assets.xcassets in Resources */ = {isa = PBXBuildFile; fileRef = 6E90378627FD635D006712F6 /* Preview Assets.xcassets */; };
		6E90379127FD635E006712F6 /* team3_prototype2Tests.swift in Sources */ = {isa = PBXBuildFile; fileRef = 6E90379027FD635E006712F6 /* team3_prototype2Tests.swift */; };
		6E90379B27FD635E006712F6 /* team3_prototype2UITests.swift in Sources */ = {isa = PBXBuildFile; fileRef = 6E90379A27FD635E006712F6 /* team3_prototype2UITests.swift */; };
		6E90379D27FD635E006712F6 /* team3_prototype2UITestsLaunchTests.swift in Sources */ = {isa = PBXBuildFile; fileRef = 6E90379C27FD635E006712F6 /* team3_prototype2UITestsLaunchTests.swift */; };
		6E9037AA27FD662F006712F6 /* header.swift in Sources */ = {isa = PBXBuildFile; fileRef = 6E9037A927FD662F006712F6 /* header.swift */; };
		6E9037AE27FD9FA0006712F6 /* searchBar.swift in Sources */ = {isa = PBXBuildFile; fileRef = 6E9037AD27FD9FA0006712F6 /* searchBar.swift */; };
		6E9037B127FEC7AF006712F6 /* contentList.swift in Sources */ = {isa = PBXBuildFile; fileRef = 6E9037B027FEC7AF006712F6 /* contentList.swift */; };
		6E9037B327FEC94D006712F6 /* treeInformation.swift in Sources */ = {isa = PBXBuildFile; fileRef = 6E9037B227FEC94D006712F6 /* treeInformation.swift */; };
		6E9037B627FECDB1006712F6 /* uploadButton.swift in Sources */ = {isa = PBXBuildFile; fileRef = 6E9037B527FECDB1006712F6 /* uploadButton.swift */; };
/* End PBXBuildFile section */

/* Begin PBXContainerItemProxy section */
		6E90378D27FD635E006712F6 /* PBXContainerItemProxy */ = {
			isa = PBXContainerItemProxy;
			containerPortal = 6E90377427FD635D006712F6 /* Project object */;
			proxyType = 1;
			remoteGlobalIDString = 6E90377B27FD635D006712F6;
			remoteInfo = team3_prototype2;
		};
		6E90379727FD635E006712F6 /* PBXContainerItemProxy */ = {
			isa = PBXContainerItemProxy;
			containerPortal = 6E90377427FD635D006712F6 /* Project object */;
			proxyType = 1;
			remoteGlobalIDString = 6E90377B27FD635D006712F6;
			remoteInfo = team3_prototype2;
		};
/* End PBXContainerItemProxy section */

/* Begin PBXFileReference section */
		6E90377C27FD635D006712F6 /* team3_prototype2.app */ = {isa = PBXFileReference; explicitFileType = wrapper.application; includeInIndex = 0; path = team3_prototype2.app; sourceTree = BUILT_PRODUCTS_DIR; };
		6E90377F27FD635D006712F6 /* team3_prototype2App.swift */ = {isa = PBXFileReference; lastKnownFileType = sourcecode.swift; path = team3_prototype2App.swift; sourceTree = "<group>"; };
		6E90378127FD635D006712F6 /* ContentView.swift */ = {isa = PBXFileReference; lastKnownFileType = sourcecode.swift; path = ContentView.swift; sourceTree = "<group>"; };
		6E90378327FD635D006712F6 /* Assets.xcassets */ = {isa = PBXFileReference; lastKnownFileType = folder.assetcatalog; path = Assets.xcassets; sourceTree = "<group>"; };
		6E90378627FD635D006712F6 /* Preview Assets.xcassets */ = {isa = PBXFileReference; lastKnownFileType = folder.assetcatalog; path = "Preview Assets.xcassets"; sourceTree = "<group>"; };
		6E90378C27FD635E006712F6 /* team3_prototype2Tests.xctest */ = {isa = PBXFileReference; explicitFileType = wrapper.cfbundle; includeInIndex = 0; path = team3_prototype2Tests.xctest; sourceTree = BUILT_PRODUCTS_DIR; };
		6E90379027FD635E006712F6 /* team3_prototype2Tests.swift */ = {isa = PBXFileReference; lastKnownFileType = sourcecode.swift; path = team3_prototype2Tests.swift; sourceTree = "<group>"; };
		6E90379627FD635E006712F6 /* team3_prototype2UITests.xctest */ = {isa = PBXFileReference; explicitFileType = wrapper.cfbundle; includeInIndex = 0; path = team3_prototype2UITests.xctest; sourceTree = BUILT_PRODUCTS_DIR; };
		6E90379A27FD635E006712F6 /* team3_prototype2UITests.swift */ = {isa = PBXFileReference; lastKnownFileType = sourcecode.swift; path = team3_prototype2UITests.swift; sourceTree = "<group>"; };
		6E90379C27FD635E006712F6 /* team3_prototype2UITestsLaunchTests.swift */ = {isa = PBXFileReference; lastKnownFileType = sourcecode.swift; path = team3_prototype2UITestsLaunchTests.swift; sourceTree = "<group>"; };
		6E9037A927FD662F006712F6 /* header.swift */ = {isa = PBXFileReference; lastKnownFileType = sourcecode.swift; path = header.swift; sourceTree = "<group>"; };
		6E9037AD27FD9FA0006712F6 /* searchBar.swift */ = {isa = PBXFileReference; lastKnownFileType = sourcecode.swift; path = searchBar.swift; sourceTree = "<group>"; };
		6E9037B027FEC7AF006712F6 /* contentList.swift */ = {isa = PBXFileReference; lastKnownFileType = sourcecode.swift; path = contentList.swift; sourceTree = "<group>"; };
		6E9037B227FEC94D006712F6 /* treeInformation.swift */ = {isa = PBXFileReference; lastKnownFileType = sourcecode.swift; path = treeInformation.swift; sourceTree = "<group>"; };
		6E9037B527FECDB1006712F6 /* uploadButton.swift */ = {isa = PBXFileReference; lastKnownFileType = sourcecode.swift; path = uploadButton.swift; sourceTree = "<group>"; };
/* End PBXFileReference section */

/* Begin PBXFrameworksBuildPhase section */
		6E90377927FD635D006712F6 /* Frameworks */ = {
			isa = PBXFrameworksBuildPhase;
			buildActionMask = 2147483647;
			files = (
			);
			runOnlyForDeploymentPostprocessing = 0;
		};
		6E90378927FD635E006712F6 /* Frameworks */ = {
			isa = PBXFrameworksBuildPhase;
			buildActionMask = 2147483647;
			files = (
			);
			runOnlyForDeploymentPostprocessing = 0;
		};
		6E90379327FD635E006712F6 /* Frameworks */ = {
			isa = PBXFrameworksBuildPhase;
			buildActionMask = 2147483647;
			files = (
			);
			runOnlyForDeploymentPostprocessing = 0;
		};
/* End PBXFrameworksBuildPhase section */

/* Begin PBXGroup section */
		6E90377327FD635D006712F6 = {
			isa = PBXGroup;
			children = (
				6E90377E27FD635D006712F6 /* team3_prototype2 */,
				6E90378F27FD635E006712F6 /* team3_prototype2Tests */,
				6E90379927FD635E006712F6 /* team3_prototype2UITests */,
				6E90377D27FD635D006712F6 /* Products */,
			);
			sourceTree = "<group>";
		};
		6E90377D27FD635D006712F6 /* Products */ = {
			isa = PBXGroup;
			children = (
				6E90377C27FD635D006712F6 /* team3_prototype2.app */,
				6E90378C27FD635E006712F6 /* team3_prototype2Tests.xctest */,
				6E90379627FD635E006712F6 /* team3_prototype2UITests.xctest */,
			);
			name = Products;
			sourceTree = "<group>";
		};
		6E90377E27FD635D006712F6 /* team3_prototype2 */ = {
			isa = PBXGroup;
			children = (
				6E9037B427FECD95006712F6 /* Helpers */,
				6E9037AF27FEC734006712F6 /* view */,
				6E90377F27FD635D006712F6 /* team3_prototype2App.swift */,
				6E90378127FD635D006712F6 /* ContentView.swift */,
				6E90378327FD635D006712F6 /* Assets.xcassets */,
				6E90378527FD635D006712F6 /* Preview Content */,
			);
			path = team3_prototype2;
			sourceTree = "<group>";
		};
		6E90378527FD635D006712F6 /* Preview Content */ = {
			isa = PBXGroup;
			children = (
				6E90378627FD635D006712F6 /* Preview Assets.xcassets */,
			);
			path = "Preview Content";
			sourceTree = "<group>";
		};
		6E90378F27FD635E006712F6 /* team3_prototype2Tests */ = {
			isa = PBXGroup;
			children = (
				6E90379027FD635E006712F6 /* team3_prototype2Tests.swift */,
			);
			path = team3_prototype2Tests;
			sourceTree = "<group>";
		};
		6E90379927FD635E006712F6 /* team3_prototype2UITests */ = {
			isa = PBXGroup;
			children = (
				6E90379A27FD635E006712F6 /* team3_prototype2UITests.swift */,
				6E90379C27FD635E006712F6 /* team3_prototype2UITestsLaunchTests.swift */,
			);
			path = team3_prototype2UITests;
			sourceTree = "<group>";
		};
		6E9037AF27FEC734006712F6 /* view */ = {
			isa = PBXGroup;
			children = (
				6E9037AD27FD9FA0006712F6 /* searchBar.swift */,
				6E9037A927FD662F006712F6 /* header.swift */,
				6E9037B027FEC7AF006712F6 /* contentList.swift */,
				6E9037B227FEC94D006712F6 /* treeInformation.swift */,
			);
			path = view;
			sourceTree = "<group>";
		};
		6E9037B427FECD95006712F6 /* Helpers */ = {
			isa = PBXGroup;
			children = (
				6E9037B527FECDB1006712F6 /* uploadButton.swift */,
			);
			path = Helpers;
			sourceTree = "<group>";
		};
/* End PBXGroup section */

/* Begin PBXNativeTarget section */
		6E90377B27FD635D006712F6 /* team3_prototype2 */ = {
			isa = PBXNativeTarget;
			buildConfigurationList = 6E9037A027FD635E006712F6 /* Build configuration list for PBXNativeTarget "team3_prototype2" */;
			buildPhases = (
				6E90377827FD635D006712F6 /* Sources */,
				6E90377927FD635D006712F6 /* Frameworks */,
				6E90377A27FD635D006712F6 /* Resources */,
			);
			buildRules = (
			);
			dependencies = (
			);
			name = team3_prototype2;
			productName = team3_prototype2;
			productReference = 6E90377C27FD635D006712F6 /* team3_prototype2.app */;
			productType = "com.apple.product-type.application";
		};
		6E90378B27FD635E006712F6 /* team3_prototype2Tests */ = {
			isa = PBXNativeTarget;
			buildConfigurationList = 6E9037A327FD635E006712F6 /* Build configuration list for PBXNativeTarget "team3_prototype2Tests" */;
			buildPhases = (
				6E90378827FD635E006712F6 /* Sources */,
				6E90378927FD635E006712F6 /* Frameworks */,
				6E90378A27FD635E006712F6 /* Resources */,
			);
			buildRules = (
			);
			dependencies = (
				6E90378E27FD635E006712F6 /* PBXTargetDependency */,
			);
			name = team3_prototype2Tests;
			productName = team3_prototype2Tests;
			productReference = 6E90378C27FD635E006712F6 /* team3_prototype2Tests.xctest */;
			productType = "com.apple.product-type.bundle.unit-test";
		};
		6E90379527FD635E006712F6 /* team3_prototype2UITests */ = {
			isa = PBXNativeTarget;
			buildConfigurationList = 6E9037A627FD635E006712F6 /* Build configuration list for PBXNativeTarget "team3_prototype2UITests" */;
			buildPhases = (
				6E90379227FD635E006712F6 /* Sources */,
				6E90379327FD635E006712F6 /* Frameworks */,
				6E90379427FD635E006712F6 /* Resources */,
			);
			buildRules = (
			);
			dependencies = (
				6E90379827FD635E006712F6 /* PBXTargetDependency */,
			);
			name = team3_prototype2UITests;
			productName = team3_prototype2UITests;
			productReference = 6E90379627FD635E006712F6 /* team3_prototype2UITests.xctest */;
			productType = "com.apple.product-type.bundle.ui-testing";
		};
/* End PBXNativeTarget section */

/* Begin PBXProject section */
		6E90377427FD635D006712F6 /* Project object */ = {
			isa = PBXProject;
			attributes = {
				BuildIndependentTargetsInParallel = 1;
				LastSwiftUpdateCheck = 1330;
				LastUpgradeCheck = 1330;
				TargetAttributes = {
					6E90377B27FD635D006712F6 = {
						CreatedOnToolsVersion = 13.3;
					};
					6E90378B27FD635E006712F6 = {
						CreatedOnToolsVersion = 13.3;
						TestTargetID = 6E90377B27FD635D006712F6;
					};
					6E90379527FD635E006712F6 = {
						CreatedOnToolsVersion = 13.3;
						TestTargetID = 6E90377B27FD635D006712F6;
					};
				};
			};
			buildConfigurationList = 6E90377727FD635D006712F6 /* Build configuration list for PBXProject "team3_prototype2" */;
			compatibilityVersion = "Xcode 13.0";
			developmentRegion = en;
			hasScannedForEncodings = 0;
			knownRegions = (
				en,
				Base,
			);
			mainGroup = 6E90377327FD635D006712F6;
			productRefGroup = 6E90377D27FD635D006712F6 /* Products */;
			projectDirPath = "";
			projectRoot = "";
			targets = (
				6E90377B27FD635D006712F6 /* team3_prototype2 */,
				6E90378B27FD635E006712F6 /* team3_prototype2Tests */,
				6E90379527FD635E006712F6 /* team3_prototype2UITests */,
			);
		};
/* End PBXProject section */

/* Begin PBXResourcesBuildPhase section */
		6E90377A27FD635D006712F6 /* Resources */ = {
			isa = PBXResourcesBuildPhase;
			buildActionMask = 2147483647;
			files = (
				6E90378727FD635D006712F6 /* Preview Assets.xcassets in Resources */,
				6E90378427FD635D006712F6 /* Assets.xcassets in Resources */,
			);
			runOnlyForDeploymentPostprocessing = 0;
		};
		6E90378A27FD635E006712F6 /* Resources */ = {
			isa = PBXResourcesBuildPhase;
			buildActionMask = 2147483647;
			files = (
			);
			runOnlyForDeploymentPostprocessing = 0;
		};
		6E90379427FD635E006712F6 /* Resources */ = {
			isa = PBXResourcesBuildPhase;
			buildActionMask = 2147483647;
			files = (
			);
			runOnlyForDeploymentPostprocessing = 0;
		};
/* End PBXResourcesBuildPhase section */

/* Begin PBXSourcesBuildPhase section */
		6E90377827FD635D006712F6 /* Sources */ = {
			isa = PBXSourcesBuildPhase;
			buildActionMask = 2147483647;
			files = (
				6E9037AE27FD9FA0006712F6 /* searchBar.swift in Sources */,
				6E9037B127FEC7AF006712F6 /* contentList.swift in Sources */,
				6E9037B327FEC94D006712F6 /* treeInformation.swift in Sources */,
				6E90378227FD635D006712F6 /* ContentView.swift in Sources */,
				6E9037B627FECDB1006712F6 /* uploadButton.swift in Sources */,
				6E90378027FD635D006712F6 /* team3_prototype2App.swift in Sources */,
				6E9037AA27FD662F006712F6 /* header.swift in Sources */,
			);
			runOnlyForDeploymentPostprocessing = 0;
		};
		6E90378827FD635E006712F6 /* Sources */ = {
			isa = PBXSourcesBuildPhase;
			buildActionMask = 2147483647;
			files = (
				6E90379127FD635E006712F6 /* team3_prototype2Tests.swift in Sources */,
			);
			runOnlyForDeploymentPostprocessing = 0;
		};
		6E90379227FD635E006712F6 /* Sources */ = {
			isa = PBXSourcesBuildPhase;
			buildActionMask = 2147483647;
			files = (
				6E90379B27FD635E006712F6 /* team3_prototype2UITests.swift in Sources */,
				6E90379D27FD635E006712F6 /* team3_prototype2UITestsLaunchTests.swift in Sources */,
			);
			runOnlyForDeploymentPostprocessing = 0;
		};
/* End PBXSourcesBuildPhase section */

/* Begin PBXTargetDependency section */
		6E90378E27FD635E006712F6 /* PBXTargetDependency */ = {
			isa = PBXTargetDependency;
			target = 6E90377B27FD635D006712F6 /* team3_prototype2 */;
			targetProxy = 6E90378D27FD635E006712F6 /* PBXContainerItemProxy */;
		};
		6E90379827FD635E006712F6 /* PBXTargetDependency */ = {
			isa = PBXTargetDependency;
			target = 6E90377B27FD635D006712F6 /* team3_prototype2 */;
			targetProxy = 6E90379727FD635E006712F6 /* PBXContainerItemProxy */;
		};
/* End PBXTargetDependency section */

/* Begin XCBuildConfiguration section */
		6E90379E27FD635E006712F6 /* Debug */ = {
			isa = XCBuildConfiguration;
			buildSettings = {
				ALWAYS_SEARCH_USER_PATHS = NO;
				CLANG_ANALYZER_NONNULL = YES;
				CLANG_ANALYZER_NUMBER_OBJECT_CONVERSION = YES_AGGRESSIVE;
				CLANG_CXX_LANGUAGE_STANDARD = "gnu++17";
				CLANG_ENABLE_MODULES = YES;
				CLANG_ENABLE_OBJC_ARC = YES;
				CLANG_ENABLE_OBJC_WEAK = YES;
				CLANG_WARN_BLOCK_CAPTURE_AUTORELEASING = YES;
				CLANG_WARN_BOOL_CONVERSION = YES;
				CLANG_WARN_COMMA = YES;
				CLANG_WARN_CONSTANT_CONVERSION = YES;
				CLANG_WARN_DEPRECATED_OBJC_IMPLEMENTATIONS = YES;
				CLANG_WARN_DIRECT_OBJC_ISA_USAGE = YES_ERROR;
				CLANG_WARN_DOCUMENTATION_COMMENTS = YES;
				CLANG_WARN_EMPTY_BODY = YES;
				CLANG_WARN_ENUM_CONVERSION = YES;
				CLANG_WARN_INFINITE_RECURSION = YES;
				CLANG_WARN_INT_CONVERSION = YES;
				CLANG_WARN_NON_LITERAL_NULL_CONVERSION = YES;
				CLANG_WARN_OBJC_IMPLICIT_RETAIN_SELF = YES;
				CLANG_WARN_OBJC_LITERAL_CONVERSION = YES;
				CLANG_WARN_OBJC_ROOT_CLASS = YES_ERROR;
				CLANG_WARN_QUOTED_INCLUDE_IN_FRAMEWORK_HEADER = YES;
				CLANG_WARN_RANGE_LOOP_ANALYSIS = YES;
				CLANG_WARN_STRICT_PROTOTYPES = YES;
				CLANG_WARN_SUSPICIOUS_MOVE = YES;
				CLANG_WARN_UNGUARDED_AVAILABILITY = YES_AGGRESSIVE;
				CLANG_WARN_UNREACHABLE_CODE = YES;
				CLANG_WARN__DUPLICATE_METHOD_MATCH = YES;
				COPY_PHASE_STRIP = NO;
				DEBUG_INFORMATION_FORMAT = dwarf;
				ENABLE_STRICT_OBJC_MSGSEND = YES;
				ENABLE_TESTABILITY = YES;
				GCC_C_LANGUAGE_STANDARD = gnu11;
				GCC_DYNAMIC_NO_PIC = NO;
				GCC_NO_COMMON_BLOCKS = YES;
				GCC_OPTIMIZATION_LEVEL = 0;
				GCC_PREPROCESSOR_DEFINITIONS = (
					"DEBUG=1",
					"$(inherited)",
				);
				GCC_WARN_64_TO_32_BIT_CONVERSION = YES;
				GCC_WARN_ABOUT_RETURN_TYPE = YES_ERROR;
				GCC_WARN_UNDECLARED_SELECTOR = YES;
				GCC_WARN_UNINITIALIZED_AUTOS = YES_AGGRESSIVE;
				GCC_WARN_UNUSED_FUNCTION = YES;
				GCC_WARN_UNUSED_VARIABLE = YES;
				IPHONEOS_DEPLOYMENT_TARGET = 15.4;
				MTL_ENABLE_DEBUG_INFO = INCLUDE_SOURCE;
				MTL_FAST_MATH = YES;
				ONLY_ACTIVE_ARCH = YES;
				SDKROOT = iphoneos;
				SWIFT_ACTIVE_COMPILATION_CONDITIONS = DEBUG;
				SWIFT_OPTIMIZATION_LEVEL = "-Onone";
			};
			name = Debug;
		};
		6E90379F27FD635E006712F6 /* Release */ = {
			isa = XCBuildConfiguration;
			buildSettings = {
				ALWAYS_SEARCH_USER_PATHS = NO;
				CLANG_ANALYZER_NONNULL = YES;
				CLANG_ANALYZER_NUMBER_OBJECT_CONVERSION = YES_AGGRESSIVE;
				CLANG_CXX_LANGUAGE_STANDARD = "gnu++17";
				CLANG_ENABLE_MODULES = YES;
				CLANG_ENABLE_OBJC_ARC = YES;
				CLANG_ENABLE_OBJC_WEAK = YES;
				CLANG_WARN_BLOCK_CAPTURE_AUTORELEASING = YES;
				CLANG_WARN_BOOL_CONVERSION = YES;
				CLANG_WARN_COMMA = YES;
				CLANG_WARN_CONSTANT_CONVERSION = YES;
				CLANG_WARN_DEPRECATED_OBJC_IMPLEMENTATIONS = YES;
				CLANG_WARN_DIRECT_OBJC_ISA_USAGE = YES_ERROR;
				CLANG_WARN_DOCUMENTATION_COMMENTS = YES;
				CLANG_WARN_EMPTY_BODY = YES;
				CLANG_WARN_ENUM_CONVERSION = YES;
				CLANG_WARN_INFINITE_RECURSION = YES;
				CLANG_WARN_INT_CONVERSION = YES;
				CLANG_WARN_NON_LITERAL_NULL_CONVERSION = YES;
				CLANG_WARN_OBJC_IMPLICIT_RETAIN_SELF = YES;
				CLANG_WARN_OBJC_LITERAL_CONVERSION = YES;
				CLANG_WARN_OBJC_ROOT_CLASS = YES_ERROR;
				CLANG_WARN_QUOTED_INCLUDE_IN_FRAMEWORK_HEADER = YES;
				CLANG_WARN_RANGE_LOOP_ANALYSIS = YES;
				CLANG_WARN_STRICT_PROTOTYPES = YES;
				CLANG_WARN_SUSPICIOUS_MOVE = YES;
				CLANG_WARN_UNGUARDED_AVAILABILITY = YES_AGGRESSIVE;
				CLANG_WARN_UNREACHABLE_CODE = YES;
				CLANG_WARN__DUPLICATE_METHOD_MATCH = YES;
				COPY_PHASE_STRIP = NO;
				DEBUG_INFORMATION_FORMAT = "dwarf-with-dsym";
				ENABLE_NS_ASSERTIONS = NO;
				ENABLE_STRICT_OBJC_MSGSEND = YES;
				GCC_C_LANGUAGE_STANDARD = gnu11;
				GCC_NO_COMMON_BLOCKS = YES;
				GCC_WARN_64_TO_32_BIT_CONVERSION = YES;
				GCC_WARN_ABOUT_RETURN_TYPE = YES_ERROR;
				GCC_WARN_UNDECLARED_SELECTOR = YES;
				GCC_WARN_UNINITIALIZED_AUTOS = YES_AGGRESSIVE;
				GCC_WARN_UNUSED_FUNCTION = YES;
				GCC_WARN_UNUSED_VARIABLE = YES;
				IPHONEOS_DEPLOYMENT_TARGET = 15.4;
				MTL_ENABLE_DEBUG_INFO = NO;
				MTL_FAST_MATH = YES;
				SDKROOT = iphoneos;
				SWIFT_COMPILATION_MODE = wholemodule;
				SWIFT_OPTIMIZATION_LEVEL = "-O";
				VALIDATE_PRODUCT = YES;
			};
			name = Release;
		};
		6E9037A127FD635E006712F6 /* Debug */ = {
			isa = XCBuildConfiguration;
			buildSettings = {
				ASSETCATALOG_COMPILER_APPICON_NAME = AppIcon;
				ASSETCATALOG_COMPILER_GLOBAL_ACCENT_COLOR_NAME = AccentColor;
				CODE_SIGN_STYLE = Automatic;
				CURRENT_PROJECT_VERSION = 1;
				DEVELOPMENT_ASSET_PATHS = "\"team3_prototype2/Preview Content\"";
				ENABLE_PREVIEWS = YES;
				GENERATE_INFOPLIST_FILE = YES;
				INFOPLIST_KEY_UIApplicationSceneManifest_Generation = YES;
				INFOPLIST_KEY_UIApplicationSupportsIndirectInputEvents = YES;
				INFOPLIST_KEY_UILaunchScreen_Generation = YES;
				INFOPLIST_KEY_UISupportedInterfaceOrientations_iPad = "UIInterfaceOrientationPortrait UIInterfaceOrientationPortraitUpsideDown UIInterfaceOrientationLandscapeLeft UIInterfaceOrientationLandscapeRight";
				INFOPLIST_KEY_UISupportedInterfaceOrientations_iPhone = "UIInterfaceOrientationPortrait UIInterfaceOrientationLandscapeLeft UIInterfaceOrientationLandscapeRight";
				LD_RUNPATH_SEARCH_PATHS = (
					"$(inherited)",
					"@executable_path/Frameworks",
				);
				MARKETING_VERSION = 1.0;
				PRODUCT_BUNDLE_IDENTIFIER = "com.niber.team3-prototype2";
				PRODUCT_NAME = "$(TARGET_NAME)";
				SWIFT_EMIT_LOC_STRINGS = YES;
				SWIFT_VERSION = 5.0;
				TARGETED_DEVICE_FAMILY = "1,2";
			};
			name = Debug;
		};
		6E9037A227FD635E006712F6 /* Release */ = {
			isa = XCBuildConfiguration;
			buildSettings = {
				ASSETCATALOG_COMPILER_APPICON_NAME = AppIcon;
				ASSETCATALOG_COMPILER_GLOBAL_ACCENT_COLOR_NAME = AccentColor;
				CODE_SIGN_STYLE = Automatic;
				CURRENT_PROJECT_VERSION = 1;
				DEVELOPMENT_ASSET_PATHS = "\"team3_prototype2/Preview Content\"";
				ENABLE_PREVIEWS = YES;
				GENERATE_INFOPLIST_FILE = YES;
				INFOPLIST_KEY_UIApplicationSceneManifest_Generation = YES;
				INFOPLIST_KEY_UIApplicationSupportsIndirectInputEvents = YES;
				INFOPLIST_KEY_UILaunchScreen_Generation = YES;
				INFOPLIST_KEY_UISupportedInterfaceOrientations_iPad = "UIInterfaceOrientationPortrait UIInterfaceOrientationPortraitUpsideDown UIInterfaceOrientationLandscapeLeft UIInterfaceOrientationLandscapeRight";
				INFOPLIST_KEY_UISupportedInterfaceOrientations_iPhone = "UIInterfaceOrientationPortrait UIInterfaceOrientationLandscapeLeft UIInterfaceOrientationLandscapeRight";
				LD_RUNPATH_SEARCH_PATHS = (
					"$(inherited)",
					"@executable_path/Frameworks",
				);
				MARKETING_VERSION = 1.0;
				PRODUCT_BUNDLE_IDENTIFIER = "com.niber.team3-prototype2";
				PRODUCT_NAME = "$(TARGET_NAME)";
				SWIFT_EMIT_LOC_STRINGS = YES;
				SWIFT_VERSION = 5.0;
				TARGETED_DEVICE_FAMILY = "1,2";
			};
			name = Release;
		};
		6E9037A427FD635E006712F6 /* Debug */ = {
			isa = XCBuildConfiguration;
			buildSettings = {
				ALWAYS_EMBED_SWIFT_STANDARD_LIBRARIES = YES;
				BUNDLE_LOADER = "$(TEST_HOST)";
				CODE_SIGN_STYLE = Automatic;
				CURRENT_PROJECT_VERSION = 1;
				GENERATE_INFOPLIST_FILE = YES;
				IPHONEOS_DEPLOYMENT_TARGET = 15.4;
				MARKETING_VERSION = 1.0;
				PRODUCT_BUNDLE_IDENTIFIER = "com.niber.team3-prototype2Tests";
				PRODUCT_NAME = "$(TARGET_NAME)";
				SWIFT_EMIT_LOC_STRINGS = NO;
				SWIFT_VERSION = 5.0;
				TARGETED_DEVICE_FAMILY = "1,2";
				TEST_HOST = "$(BUILT_PRODUCTS_DIR)/team3_prototype2.app/team3_prototype2";
			};
			name = Debug;
		};
		6E9037A527FD635E006712F6 /* Release */ = {
			isa = XCBuildConfiguration;
			buildSettings = {
				ALWAYS_EMBED_SWIFT_STANDARD_LIBRARIES = YES;
				BUNDLE_LOADER = "$(TEST_HOST)";
				CODE_SIGN_STYLE = Automatic;
				CURRENT_PROJECT_VERSION = 1;
				GENERATE_INFOPLIST_FILE = YES;
				IPHONEOS_DEPLOYMENT_TARGET = 15.4;
				MARKETING_VERSION = 1.0;
				PRODUCT_BUNDLE_IDENTIFIER = "com.niber.team3-prototype2Tests";
				PRODUCT_NAME = "$(TARGET_NAME)";
				SWIFT_EMIT_LOC_STRINGS = NO;
				SWIFT_VERSION = 5.0;
				TARGETED_DEVICE_FAMILY = "1,2";
				TEST_HOST = "$(BUILT_PRODUCTS_DIR)/team3_prototype2.app/team3_prototype2";
			};
			name = Release;
		};
		6E9037A727FD635E006712F6 /* Debug */ = {
			isa = XCBuildConfiguration;
			buildSettings = {
				ALWAYS_EMBED_SWIFT_STANDARD_LIBRARIES = YES;
				CODE_SIGN_STYLE = Automatic;
				CURRENT_PROJECT_VERSION = 1;
				GENERATE_INFOPLIST_FILE = YES;
				MARKETING_VERSION = 1.0;
				PRODUCT_BUNDLE_IDENTIFIER = "com.niber.team3-prototype2UITests";
				PRODUCT_NAME = "$(TARGET_NAME)";
				SWIFT_EMIT_LOC_STRINGS = NO;
				SWIFT_VERSION = 5.0;
				TARGETED_DEVICE_FAMILY = "1,2";
				TEST_TARGET_NAME = team3_prototype2;
			};
			name = Debug;
		};
		6E9037A827FD635E006712F6 /* Release */ = {
			isa = XCBuildConfiguration;
			buildSettings = {
				ALWAYS_EMBED_SWIFT_STANDARD_LIBRARIES = YES;
				CODE_SIGN_STYLE = Automatic;
				CURRENT_PROJECT_VERSION = 1;
				GENERATE_INFOPLIST_FILE = YES;
				MARKETING_VERSION = 1.0;
				PRODUCT_BUNDLE_IDENTIFIER = "com.niber.team3-prototype2UITests";
				PRODUCT_NAME = "$(TARGET_NAME)";
				SWIFT_EMIT_LOC_STRINGS = NO;
				SWIFT_VERSION = 5.0;
				TARGETED_DEVICE_FAMILY = "1,2";
				TEST_TARGET_NAME = team3_prototype2;
			};
			name = Release;
		};
/* End XCBuildConfiguration section */

/* Begin XCConfigurationList section */
		6E90377727FD635D006712F6 /* Build configuration list for PBXProject "team3_prototype2" */ = {
			isa = XCConfigurationList;
			buildConfigurations = (
				6E90379E27FD635E006712F6 /* Debug */,
				6E90379F27FD635E006712F6 /* Release */,
			);
			defaultConfigurationIsVisible = 0;
			defaultConfigurationName = Release;
		};
		6E9037A027FD635E006712F6 /* Build configuration list for PBXNativeTarget "team3_prototype2" */ = {
			isa = XCConfigurationList;
			buildConfigurations = (
				6E9037A127FD635E006712F6 /* Debug */,
				6E9037A227FD635E006712F6 /* Release */,
			);
			defaultConfigurationIsVisible = 0;
			defaultConfigurationName = Release;
		};
		6E9037A327FD635E006712F6 /* Build configuration list for PBXNativeTarget "team3_prototype2Tests" */ = {
			isa = XCConfigurationList;
			buildConfigurations = (
				6E9037A427FD635E006712F6 /* Debug */,
				6E9037A527FD635E006712F6 /* Release */,
			);
			defaultConfigurationIsVisible = 0;
			defaultConfigurationName = Release;
		};
		6E9037A627FD635E006712F6 /* Build configuration list for PBXNativeTarget "team3_prototype2UITests" */ = {
			isa = XCConfigurationList;
			buildConfigurations = (
				6E9037A727FD635E006712F6 /* Debug */,
				6E9037A827FD635E006712F6 /* Release */,
			);
			defaultConfigurationIsVisible = 0;
			defaultConfigurationName = Release;
		};
/* End XCConfigurationList section */
	};
	rootObject = 6E90377427FD635D006712F6 /* Project object */;
}
